
Microsoft Visual Studio Solution File, Format Version 12.00
# Visual Studio 15
VisualStudioVersion = 15.0.27004.2010
MinimumVisualStudioVersion = 10.0.40219.1
Project("{FAE04EC0-301F-11D3-BF4B-00C04F79EFBC}") = "OSvCCSharp", "OSvCCSharp.csproj", "{5FCB55D0-C7A4-4D0A-A5CF-0D7E492CBE60}"
EndProject
Project("{FAE04EC0-301F-11D3-BF4B-00C04F79EFBC}") = "OSvCCSharpTest", "OSvCCSharpTest\OSvCCSharpTest.csproj", "{A1A3887E-C0FD-4114-8F54-40DF936599E3}"
EndProject
Global
	GlobalSection(SolutionConfigurationPlatforms) = preSolution
		Debug|Any CPU = Debug|Any CPU
		Release|Any CPU = Release|Any CPU
	EndGlobalSection
	GlobalSection(ProjectConfigurationPlatforms) = postSolution
		{5FCB55D0-C7A4-4D0A-A5CF-0D7E492CBE60}.Debug|Any CPU.ActiveCfg = Debug|Any CPU
		{5FCB55D0-C7A4-4D0A-A5CF-0D7E492CBE60}.Debug|Any CPU.Build.0 = Debug|Any CPU
		{5FCB55D0-C7A4-4D0A-A5CF-0D7E492CBE60}.Release|Any CPU.ActiveCfg = Release|Any CPU
		{5FCB55D0-C7A4-4D0A-A5CF-0D7E492CBE60}.Release|Any CPU.Build.0 = Release|Any CPU
		{A1A3887E-C0FD-4114-8F54-40DF936599E3}.Debug|Any CPU.ActiveCfg = Debug|Any CPU
		{A1A3887E-C0FD-4114-8F54-40DF936599E3}.Debug|Any CPU.Build.0 = Debug|Any CPU
		{A1A3887E-C0FD-4114-8F54-40DF936599E3}.Release|Any CPU.ActiveCfg = Release|Any CPU
		{A1A3887E-C0FD-4114-8F54-40DF936599E3}.Release|Any CPU.Build.0 = Release|Any CPU
	EndGlobalSection
	GlobalSection(SolutionProperties) = preSolution
		HideSolutionNode = FALSE
	EndGlobalSection
	GlobalSection(ExtensibilityGlobals) = postSolution
		SolutionGuid = {B28DE7E0-F161-45AA-BC78-D157E1D8743C}
	EndGlobalSection
EndGlobal
